// !$*UTF8*$!
{
	archiveVersion = 1;
	classes = {
	};
	objectVersion = 50;
	objects = {

/* Begin PBXBuildFile section */
		064231DC0B68B9563A833F1D /* Pods_MapBoxPractice.framework in Frameworks */ = {isa = PBXBuildFile; fileRef = 8E56C21B2220A418BBB1F3BC /* Pods_MapBoxPractice.framework */; };
		33445EF40B2828E40EADB52F /* Pods_MapBoxPracticeTests.framework in Frameworks */ = {isa = PBXBuildFile; fileRef = 77AC7E15AA4AFAF470AB7468 /* Pods_MapBoxPracticeTests.framework */; };
		5C298E632344D59B0012AB81 /* AppDelegate.swift in Sources */ = {isa = PBXBuildFile; fileRef = 5C298E622344D59B0012AB81 /* AppDelegate.swift */; };
		5C298E652344D59B0012AB81 /* SceneDelegate.swift in Sources */ = {isa = PBXBuildFile; fileRef = 5C298E642344D59B0012AB81 /* SceneDelegate.swift */; };
		5C298E672344D59B0012AB81 /* ViewController.swift in Sources */ = {isa = PBXBuildFile; fileRef = 5C298E662344D59B0012AB81 /* ViewController.swift */; };
		5C298E6A2344D59B0012AB81 /* Main.storyboard in Resources */ = {isa = PBXBuildFile; fileRef = 5C298E682344D59B0012AB81 /* Main.storyboard */; };
		5C298E6C2344D59D0012AB81 /* Assets.xcassets in Resources */ = {isa = PBXBuildFile; fileRef = 5C298E6B2344D59D0012AB81 /* Assets.xcassets */; };
		5C298E6F2344D59D0012AB81 /* LaunchScreen.storyboard in Resources */ = {isa = PBXBuildFile; fileRef = 5C298E6D2344D59D0012AB81 /* LaunchScreen.storyboard */; };
		5C298E7A2344D59D0012AB81 /* MapBoxPracticeTests.swift in Sources */ = {isa = PBXBuildFile; fileRef = 5C298E792344D59D0012AB81 /* MapBoxPracticeTests.swift */; };
		5C298E852344D59D0012AB81 /* MapBoxPracticeUITests.swift in Sources */ = {isa = PBXBuildFile; fileRef = 5C298E842344D59D0012AB81 /* MapBoxPracticeUITests.swift */; };
		88679DE01ACBBFEF2084018D /* Pods_MapBoxPracticeUITests.framework in Frameworks */ = {isa = PBXBuildFile; fileRef = B72F3D115BB44E6A024A1BC0 /* Pods_MapBoxPracticeUITests.framework */; };
/* End PBXBuildFile section */

/* Begin PBXContainerItemProxy section */
		5C298E762344D59D0012AB81 /* PBXContainerItemProxy */ = {
			isa = PBXContainerItemProxy;
			containerPortal = 5C298E572344D59A0012AB81 /* Project object */;
			proxyType = 1;
			remoteGlobalIDString = 5C298E5E2344D59A0012AB81;
			remoteInfo = MapBoxPractice;
		};
		5C298E812344D59D0012AB81 /* PBXContainerItemProxy */ = {
			isa = PBXContainerItemProxy;
			containerPortal = 5C298E572344D59A0012AB81 /* Project object */;
			proxyType = 1;
			remoteGlobalIDString = 5C298E5E2344D59A0012AB81;
			remoteInfo = MapBoxPractice;
		};
/* End PBXContainerItemProxy section */

/* Begin PBXFileReference section */
		0D8E17B82037FEBEA72932E1 /* Pods-MapBoxPracticeUITests.debug.xcconfig */ = {isa = PBXFileReference; includeInIndex = 1; lastKnownFileType = text.xcconfig; name = "Pods-MapBoxPracticeUITests.debug.xcconfig"; path = "Target Support Files/Pods-MapBoxPracticeUITests/Pods-MapBoxPracticeUITests.debug.xcconfig"; sourceTree = "<group>"; };
		1CC246C550355033EE337F87 /* Pods-MapBoxPracticeTests.debug.xcconfig */ = {isa = PBXFileReference; includeInIndex = 1; lastKnownFileType = text.xcconfig; name = "Pods-MapBoxPracticeTests.debug.xcconfig"; path = "Target Support Files/Pods-MapBoxPracticeTests/Pods-MapBoxPracticeTests.debug.xcconfig"; sourceTree = "<group>"; };
		390C0D26332026210ECA4F6E /* Pods-MapBoxPracticeTests.release.xcconfig */ = {isa = PBXFileReference; includeInIndex = 1; lastKnownFileType = text.xcconfig; name = "Pods-MapBoxPracticeTests.release.xcconfig"; path = "Target Support Files/Pods-MapBoxPracticeTests/Pods-MapBoxPracticeTests.release.xcconfig"; sourceTree = "<group>"; };
		5C298E5F2344D59A0012AB81 /* MapBoxPractice.app */ = {isa = PBXFileReference; explicitFileType = wrapper.application; includeInIndex = 0; path = MapBoxPractice.app; sourceTree = BUILT_PRODUCTS_DIR; };
		5C298E622344D59B0012AB81 /* AppDelegate.swift */ = {isa = PBXFileReference; lastKnownFileType = sourcecode.swift; path = AppDelegate.swift; sourceTree = "<group>"; };
		5C298E642344D59B0012AB81 /* SceneDelegate.swift */ = {isa = PBXFileReference; lastKnownFileType = sourcecode.swift; path = SceneDelegate.swift; sourceTree = "<group>"; };
		5C298E662344D59B0012AB81 /* ViewController.swift */ = {isa = PBXFileReference; lastKnownFileType = sourcecode.swift; path = ViewController.swift; sourceTree = "<group>"; };
		5C298E692344D59B0012AB81 /* Base */ = {isa = PBXFileReference; lastKnownFileType = file.storyboard; name = Base; path = Base.lproj/Main.storyboard; sourceTree = "<group>"; };
		5C298E6B2344D59D0012AB81 /* Assets.xcassets */ = {isa = PBXFileReference; lastKnownFileType = folder.assetcatalog; path = Assets.xcassets; sourceTree = "<group>"; };
		5C298E6E2344D59D0012AB81 /* Base */ = {isa = PBXFileReference; lastKnownFileType = file.storyboard; name = Base; path = Base.lproj/LaunchScreen.storyboard; sourceTree = "<group>"; };
		5C298E702344D59D0012AB81 /* Info.plist */ = {isa = PBXFileReference; lastKnownFileType = text.plist.xml; path = Info.plist; sourceTree = "<group>"; };
		5C298E752344D59D0012AB81 /* MapBoxPracticeTests.xctest */ = {isa = PBXFileReference; explicitFileType = wrapper.cfbundle; includeInIndex = 0; path = MapBoxPracticeTests.xctest; sourceTree = BUILT_PRODUCTS_DIR; };
		5C298E792344D59D0012AB81 /* MapBoxPracticeTests.swift */ = {isa = PBXFileReference; lastKnownFileType = sourcecode.swift; path = MapBoxPracticeTests.swift; sourceTree = "<group>"; };
		5C298E7B2344D59D0012AB81 /* Info.plist */ = {isa = PBXFileReference; lastKnownFileType = text.plist.xml; path = Info.plist; sourceTree = "<group>"; };
		5C298E802344D59D0012AB81 /* MapBoxPracticeUITests.xctest */ = {isa = PBXFileReference; explicitFileType = wrapper.cfbundle; includeInIndex = 0; path = MapBoxPracticeUITests.xctest; sourceTree = BUILT_PRODUCTS_DIR; };
		5C298E842344D59D0012AB81 /* MapBoxPracticeUITests.swift */ = {isa = PBXFileReference; lastKnownFileType = sourcecode.swift; path = MapBoxPracticeUITests.swift; sourceTree = "<group>"; };
		5C298E862344D59D0012AB81 /* Info.plist */ = {isa = PBXFileReference; lastKnownFileType = text.plist.xml; path = Info.plist; sourceTree = "<group>"; };
		77AC7E15AA4AFAF470AB7468 /* Pods_MapBoxPracticeTests.framework */ = {isa = PBXFileReference; explicitFileType = wrapper.framework; includeInIndex = 0; path = Pods_MapBoxPracticeTests.framework; sourceTree = BUILT_PRODUCTS_DIR; };
		8E56C21B2220A418BBB1F3BC /* Pods_MapBoxPractice.framework */ = {isa = PBXFileReference; explicitFileType = wrapper.framework; includeInIndex = 0; path = Pods_MapBoxPractice.framework; sourceTree = BUILT_PRODUCTS_DIR; };
		B72F3D115BB44E6A024A1BC0 /* Pods_MapBoxPracticeUITests.framework */ = {isa = PBXFileReference; explicitFileType = wrapper.framework; includeInIndex = 0; path = Pods_MapBoxPracticeUITests.framework; sourceTree = BUILT_PRODUCTS_DIR; };
		D51D6801A8A33809FDBFEF94 /* Pods-MapBoxPractice.debug.xcconfig */ = {isa = PBXFileReference; includeInIndex = 1; lastKnownFileType = text.xcconfig; name = "Pods-MapBoxPractice.debug.xcconfig"; path = "Target Support Files/Pods-MapBoxPractice/Pods-MapBoxPractice.debug.xcconfig"; sourceTree = "<group>"; };
		E1B786956DDEFD5761331981 /* Pods-MapBoxPracticeUITests.release.xcconfig */ = {isa = PBXFileReference; includeInIndex = 1; lastKnownFileType = text.xcconfig; name = "Pods-MapBoxPracticeUITests.release.xcconfig"; path = "Target Support Files/Pods-MapBoxPracticeUITests/Pods-MapBoxPracticeUITests.release.xcconfig"; sourceTree = "<group>"; };
		E7B646525DD2C664849DEB76 /* Pods-MapBoxPractice.release.xcconfig */ = {isa = PBXFileReference; includeInIndex = 1; lastKnownFileType = text.xcconfig; name = "Pods-MapBoxPractice.release.xcconfig"; path = "Target Support Files/Pods-MapBoxPractice/Pods-MapBoxPractice.release.xcconfig"; sourceTree = "<group>"; };
/* End PBXFileReference section */

/* Begin PBXFrameworksBuildPhase section */
		5C298E5C2344D59A0012AB81 /* Frameworks */ = {
			isa = PBXFrameworksBuildPhase;
			buildActionMask = 2147483647;
			files = (
				064231DC0B68B9563A833F1D /* Pods_MapBoxPractice.framework in Frameworks */,
			);
			runOnlyForDeploymentPostprocessing = 0;
		};
		5C298E722344D59D0012AB81 /* Frameworks */ = {
			isa = PBXFrameworksBuildPhase;
			buildActionMask = 2147483647;
			files = (
				33445EF40B2828E40EADB52F /* Pods_MapBoxPracticeTests.framework in Frameworks */,
			);
			runOnlyForDeploymentPostprocessing = 0;
		};
		5C298E7D2344D59D0012AB81 /* Frameworks */ = {
			isa = PBXFrameworksBuildPhase;
			buildActionMask = 2147483647;
			files = (
				88679DE01ACBBFEF2084018D /* Pods_MapBoxPracticeUITests.framework in Frameworks */,
			);
			runOnlyForDeploymentPostprocessing = 0;
		};
/* End PBXFrameworksBuildPhase section */

/* Begin PBXGroup section */
		59609C63B09765F483FE942F /* Frameworks */ = {
			isa = PBXGroup;
			children = (
				8E56C21B2220A418BBB1F3BC /* Pods_MapBoxPractice.framework */,
				77AC7E15AA4AFAF470AB7468 /* Pods_MapBoxPracticeTests.framework */,
				B72F3D115BB44E6A024A1BC0 /* Pods_MapBoxPracticeUITests.framework */,
			);
			name = Frameworks;
			sourceTree = "<group>";
		};
		5C298E562344D59A0012AB81 = {
			isa = PBXGroup;
			children = (
				5C298E612344D59B0012AB81 /* MapBoxPractice */,
				5C298E782344D59D0012AB81 /* MapBoxPracticeTests */,
				5C298E832344D59D0012AB81 /* MapBoxPracticeUITests */,
				5C298E602344D59A0012AB81 /* Products */,
				F06DE2A67CB3F00CEF07BCDC /* Pods */,
				59609C63B09765F483FE942F /* Frameworks */,
			);
			sourceTree = "<group>";
		};
		5C298E602344D59A0012AB81 /* Products */ = {
			isa = PBXGroup;
			children = (
				5C298E5F2344D59A0012AB81 /* MapBoxPractice.app */,
				5C298E752344D59D0012AB81 /* MapBoxPracticeTests.xctest */,
				5C298E802344D59D0012AB81 /* MapBoxPracticeUITests.xctest */,
			);
			name = Products;
			sourceTree = "<group>";
		};
		5C298E612344D59B0012AB81 /* MapBoxPractice */ = {
			isa = PBXGroup;
			children = (
				5C298E622344D59B0012AB81 /* AppDelegate.swift */,
				5C298E642344D59B0012AB81 /* SceneDelegate.swift */,
				5C298E662344D59B0012AB81 /* ViewController.swift */,
				5C298E682344D59B0012AB81 /* Main.storyboard */,
				5C298E6B2344D59D0012AB81 /* Assets.xcassets */,
				5C298E6D2344D59D0012AB81 /* LaunchScreen.storyboard */,
				5C298E702344D59D0012AB81 /* Info.plist */,
			);
			path = MapBoxPractice;
			sourceTree = "<group>";
		};
		5C298E782344D59D0012AB81 /* MapBoxPracticeTests */ = {
			isa = PBXGroup;
			children = (
				5C298E792344D59D0012AB81 /* MapBoxPracticeTests.swift */,
				5C298E7B2344D59D0012AB81 /* Info.plist */,
			);
			path = MapBoxPracticeTests;
			sourceTree = "<group>";
		};
		5C298E832344D59D0012AB81 /* MapBoxPracticeUITests */ = {
			isa = PBXGroup;
			children = (
				5C298E842344D59D0012AB81 /* MapBoxPracticeUITests.swift */,
				5C298E862344D59D0012AB81 /* Info.plist */,
			);
			path = MapBoxPracticeUITests;
			sourceTree = "<group>";
		};
		F06DE2A67CB3F00CEF07BCDC /* Pods */ = {
			isa = PBXGroup;
			children = (
				D51D6801A8A33809FDBFEF94 /* Pods-MapBoxPractice.debug.xcconfig */,
				E7B646525DD2C664849DEB76 /* Pods-MapBoxPractice.release.xcconfig */,
				1CC246C550355033EE337F87 /* Pods-MapBoxPracticeTests.debug.xcconfig */,
				390C0D26332026210ECA4F6E /* Pods-MapBoxPracticeTests.release.xcconfig */,
				0D8E17B82037FEBEA72932E1 /* Pods-MapBoxPracticeUITests.debug.xcconfig */,
				E1B786956DDEFD5761331981 /* Pods-MapBoxPracticeUITests.release.xcconfig */,
			);
			name = Pods;
			path = Pods;
			sourceTree = "<group>";
		};
/* End PBXGroup section */

/* Begin PBXNativeTarget section */
		5C298E5E2344D59A0012AB81 /* MapBoxPractice */ = {
			isa = PBXNativeTarget;
			buildConfigurationList = 5C298E892344D59D0012AB81 /* Build configuration list for PBXNativeTarget "MapBoxPractice" */;
			buildPhases = (
				0718DAFB756FBFC5AAD27E1E /* [CP] Check Pods Manifest.lock */,
				5C298E5B2344D59A0012AB81 /* Sources */,
				5C298E5C2344D59A0012AB81 /* Frameworks */,
				5C298E5D2344D59A0012AB81 /* Resources */,
				40EDC8678452B7397AA0DB1C /* [CP] Embed Pods Frameworks */,
			);
			buildRules = (
			);
			dependencies = (
			);
			name = MapBoxPractice;
			productName = MapBoxPractice;
			productReference = 5C298E5F2344D59A0012AB81 /* MapBoxPractice.app */;
			productType = "com.apple.product-type.application";
		};
		5C298E742344D59D0012AB81 /* MapBoxPracticeTests */ = {
			isa = PBXNativeTarget;
			buildConfigurationList = 5C298E8C2344D59D0012AB81 /* Build configuration list for PBXNativeTarget "MapBoxPracticeTests" */;
			buildPhases = (
				716D9EB64A4B17A5C2CEE39A /* [CP] Check Pods Manifest.lock */,
				5C298E712344D59D0012AB81 /* Sources */,
				5C298E722344D59D0012AB81 /* Frameworks */,
				5C298E732344D59D0012AB81 /* Resources */,
			);
			buildRules = (
			);
			dependencies = (
				5C298E772344D59D0012AB81 /* PBXTargetDependency */,
			);
			name = MapBoxPracticeTests;
			productName = MapBoxPracticeTests;
			productReference = 5C298E752344D59D0012AB81 /* MapBoxPracticeTests.xctest */;
			productType = "com.apple.product-type.bundle.unit-test";
		};
		5C298E7F2344D59D0012AB81 /* MapBoxPracticeUITests */ = {
			isa = PBXNativeTarget;
			buildConfigurationList = 5C298E8F2344D59D0012AB81 /* Build configuration list for PBXNativeTarget "MapBoxPracticeUITests" */;
			buildPhases = (
				B685FEA4259F799A82A8C432 /* [CP] Check Pods Manifest.lock */,
				5C298E7C2344D59D0012AB81 /* Sources */,
				5C298E7D2344D59D0012AB81 /* Frameworks */,
				5C298E7E2344D59D0012AB81 /* Resources */,
			);
			buildRules = (
			);
			dependencies = (
				5C298E822344D59D0012AB81 /* PBXTargetDependency */,
			);
			name = MapBoxPracticeUITests;
			productName = MapBoxPracticeUITests;
			productReference = 5C298E802344D59D0012AB81 /* MapBoxPracticeUITests.xctest */;
			productType = "com.apple.product-type.bundle.ui-testing";
		};
/* End PBXNativeTarget section */

/* Begin PBXProject section */
		5C298E572344D59A0012AB81 /* Project object */ = {
			isa = PBXProject;
			attributes = {
				LastSwiftUpdateCheck = 1100;
				LastUpgradeCheck = 1100;
				ORGANIZATIONNAME = "2 Minut";
				TargetAttributes = {
					5C298E5E2344D59A0012AB81 = {
						CreatedOnToolsVersion = 11.0;
					};
					5C298E742344D59D0012AB81 = {
						CreatedOnToolsVersion = 11.0;
						TestTargetID = 5C298E5E2344D59A0012AB81;
					};
					5C298E7F2344D59D0012AB81 = {
						CreatedOnToolsVersion = 11.0;
						TestTargetID = 5C298E5E2344D59A0012AB81;
					};
				};
			};
			buildConfigurationList = 5C298E5A2344D59A0012AB81 /* Build configuration list for PBXProject "MapBoxPractice" */;
			compatibilityVersion = "Xcode 9.3";
			developmentRegion = en;
			hasScannedForEncodings = 0;
			knownRegions = (
				en,
				Base,
			);
			mainGroup = 5C298E562344D59A0012AB81;
			productRefGroup = 5C298E602344D59A0012AB81 /* Products */;
			projectDirPath = "";
			projectRoot = "";
			targets = (
				5C298E5E2344D59A0012AB81 /* MapBoxPractice */,
				5C298E742344D59D0012AB81 /* MapBoxPracticeTests */,
				5C298E7F2344D59D0012AB81 /* MapBoxPracticeUITests */,
			);
		};
/* End PBXProject section */

/* Begin PBXResourcesBuildPhase section */
		5C298E5D2344D59A0012AB81 /* Resources */ = {
			isa = PBXResourcesBuildPhase;
			buildActionMask = 2147483647;
			files = (
				5C298E6F2344D59D0012AB81 /* LaunchScreen.storyboard in Resources */,
				5C298E6C2344D59D0012AB81 /* Assets.xcassets in Resources */,
				5C298E6A2344D59B0012AB81 /* Main.storyboard in Resources */,
			);
			runOnlyForDeploymentPostprocessing = 0;
		};
		5C298E732344D59D0012AB81 /* Resources */ = {
			isa = PBXResourcesBuildPhase;
			buildActionMask = 2147483647;
			files = (
			);
			runOnlyForDeploymentPostprocessing = 0;
		};
		5C298E7E2344D59D0012AB81 /* Resources */ = {
			isa = PBXResourcesBuildPhase;
			buildActionMask = 2147483647;
			files = (
			);
			runOnlyForDeploymentPostprocessing = 0;
		};
/* End PBXResourcesBuildPhase section */

/* Begin PBXShellScriptBuildPhase section */
		0718DAFB756FBFC5AAD27E1E /* [CP] Check Pods Manifest.lock */ = {
			isa = PBXShellScriptBuildPhase;
			buildActionMask = 2147483647;
			files = (
			);
			inputFileListPaths = (
			);
			inputPaths = (
				"${PODS_PODFILE_DIR_PATH}/Podfile.lock",
				"${PODS_ROOT}/Manifest.lock",
			);
			name = "[CP] Check Pods Manifest.lock";
			outputFileListPaths = (
			);
			outputPaths = (
				"$(DERIVED_FILE_DIR)/Pods-MapBoxPractice-checkManifestLockResult.txt",
			);
			runOnlyForDeploymentPostprocessing = 0;
			shellPath = /bin/sh;
			shellScript = "diff \"${PODS_PODFILE_DIR_PATH}/Podfile.lock\" \"${PODS_ROOT}/Manifest.lock\" > /dev/null\nif [ $? != 0 ] ; then\n    # print error to STDERR\n    echo \"error: The sandbox is not in sync with the Podfile.lock. Run 'pod install' or update your CocoaPods installation.\" >&2\n    exit 1\nfi\n# This output is used by Xcode 'outputs' to avoid re-running this script phase.\necho \"SUCCESS\" > \"${SCRIPT_OUTPUT_FILE_0}\"\n";
			showEnvVarsInLog = 0;
		};
		40EDC8678452B7397AA0DB1C /* [CP] Embed Pods Frameworks */ = {
			isa = PBXShellScriptBuildPhase;
			buildActionMask = 2147483647;
			files = (
			);
			inputFileListPaths = (
				"${PODS_ROOT}/Target Support Files/Pods-MapBoxPractice/Pods-MapBoxPractice-frameworks-${CONFIGURATION}-input-files.xcfilelist",
			);
			name = "[CP] Embed Pods Frameworks";
			outputFileListPaths = (
				"${PODS_ROOT}/Target Support Files/Pods-MapBoxPractice/Pods-MapBoxPractice-frameworks-${CONFIGURATION}-output-files.xcfilelist",
			);
			runOnlyForDeploymentPostprocessing = 0;
			shellPath = /bin/sh;
			shellScript = "\"${PODS_ROOT}/Target Support Files/Pods-MapBoxPractice/Pods-MapBoxPractice-frameworks.sh\"\n";
			showEnvVarsInLog = 0;
		};
		716D9EB64A4B17A5C2CEE39A /* [CP] Check Pods Manifest.lock */ = {
			isa = PBXShellScriptBuildPhase;
			buildActionMask = 2147483647;
			files = (
			);
			inputFileListPaths = (
			);
			inputPaths = (
				"${PODS_PODFILE_DIR_PATH}/Podfile.lock",
				"${PODS_ROOT}/Manifest.lock",
			);
			name = "[CP] Check Pods Manifest.lock";
			outputFileListPaths = (
			);
			outputPaths = (
				"$(DERIVED_FILE_DIR)/Pods-MapBoxPracticeTests-checkManifestLockResult.txt",
			);
			runOnlyForDeploymentPostprocessing = 0;
			shellPath = /bin/sh;
			shellScript = "diff \"${PODS_PODFILE_DIR_PATH}/Podfile.lock\" \"${PODS_ROOT}/Manifest.lock\" > /dev/null\nif [ $? != 0 ] ; then\n    # print error to STDERR\n    echo \"error: The sandbox is not in sync with the Podfile.lock. Run 'pod install' or update your CocoaPods installation.\" >&2\n    exit 1\nfi\n# This output is used by Xcode 'outputs' to avoid re-running this script phase.\necho \"SUCCESS\" > \"${SCRIPT_OUTPUT_FILE_0}\"\n";
			showEnvVarsInLog = 0;
		};
		B685FEA4259F799A82A8C432 /* [CP] Check Pods Manifest.lock */ = {
			isa = PBXShellScriptBuildPhase;
			buildActionMask = 2147483647;
			files = (
			);
			inputFileListPaths = (
			);
			inputPaths = (
				"${PODS_PODFILE_DIR_PATH}/Podfile.lock",
				"${PODS_ROOT}/Manifest.lock",
			);
			name = "[CP] Check Pods Manifest.lock";
			outputFileListPaths = (
			);
			outputPaths = (
				"$(DERIVED_FILE_DIR)/Pods-MapBoxPracticeUITests-checkManifestLockResult.txt",
			);
			runOnlyForDeploymentPostprocessing = 0;
			shellPath = /bin/sh;
			shellScript = "diff \"${PODS_PODFILE_DIR_PATH}/Podfile.lock\" \"${PODS_ROOT}/Manifest.lock\" > /dev/null\nif [ $? != 0 ] ; then\n    # print error to STDERR\n    echo \"error: The sandbox is not in sync with the Podfile.lock. Run 'pod install' or update your CocoaPods installation.\" >&2\n    exit 1\nfi\n# This output is used by Xcode 'outputs' to avoid re-running this script phase.\necho \"SUCCESS\" > \"${SCRIPT_OUTPUT_FILE_0}\"\n";
			showEnvVarsInLog = 0;
		};
/* End PBXShellScriptBuildPhase section */

/* Begin PBXSourcesBuildPhase section */
		5C298E5B2344D59A0012AB81 /* Sources */ = {
			isa = PBXSourcesBuildPhase;
			buildActionMask = 2147483647;
			files = (
				5C298E672344D59B0012AB81 /* ViewController.swift in Sources */,
				5C298E632344D59B0012AB81 /* AppDelegate.swift in Sources */,
				5C298E652344D59B0012AB81 /* SceneDelegate.swift in Sources */,
			);
			runOnlyForDeploymentPostprocessing = 0;
		};
		5C298E712344D59D0012AB81 /* Sources */ = {
			isa = PBXSourcesBuildPhase;
			buildActionMask = 2147483647;
			files = (
				5C298E7A2344D59D0012AB81 /* MapBoxPracticeTests.swift in Sources */,
			);
			runOnlyForDeploymentPostprocessing = 0;
		};
		5C298E7C2344D59D0012AB81 /* Sources */ = {
			isa = PBXSourcesBuildPhase;
			buildActionMask = 2147483647;
			files = (
				5C298E852344D59D0012AB81 /* MapBoxPracticeUITests.swift in Sources */,
			);
			runOnlyForDeploymentPostprocessing = 0;
		};
/* End PBXSourcesBuildPhase section */

/* Begin PBXTargetDependency section */
		5C298E772344D59D0012AB81 /* PBXTargetDependency */ = {
			isa = PBXTargetDependency;
			target = 5C298E5E2344D59A0012AB81 /* MapBoxPractice */;
			targetProxy = 5C298E762344D59D0012AB81 /* PBXContainerItemProxy */;
		};
		5C298E822344D59D0012AB81 /* PBXTargetDependency */ = {
			isa = PBXTargetDependency;
			target = 5C298E5E2344D59A0012AB81 /* MapBoxPractice */;
			targetProxy = 5C298E812344D59D0012AB81 /* PBXContainerItemProxy */;
		};
/* End PBXTargetDependency section */

/* Begin PBXVariantGroup section */
		5C298E682344D59B0012AB81 /* Main.storyboard */ = {
			isa = PBXVariantGroup;
			children = (
				5C298E692344D59B0012AB81 /* Base */,
			);
			name = Main.storyboard;
			sourceTree = "<group>";
		};
		5C298E6D2344D59D0012AB81 /* LaunchScreen.storyboard */ = {
			isa = PBXVariantGroup;
			children = (
				5C298E6E2344D59D0012AB81 /* Base */,
			);
			name = LaunchScreen.storyboard;
			sourceTree = "<group>";
		};
/* End PBXVariantGroup section */

/* Begin XCBuildConfiguration section */
		5C298E872344D59D0012AB81 /* Debug */ = {
			isa = XCBuildConfiguration;
			buildSettings = {
				ALWAYS_SEARCH_USER_PATHS = NO;
				CLANG_ANALYZER_NONNULL = YES;
				CLANG_ANALYZER_NUMBER_OBJECT_CONVERSION = YES_AGGRESSIVE;
				CLANG_CXX_LANGUAGE_STANDARD = "gnu++14";
				CLANG_CXX_LIBRARY = "libc++";
				CLANG_ENABLE_MODULES = YES;
				CLANG_ENABLE_OBJC_ARC = YES;
				CLANG_ENABLE_OBJC_WEAK = YES;
				CLANG_WARN_BLOCK_CAPTURE_AUTORELEASING = YES;
				CLANG_WARN_BOOL_CONVERSION = YES;
				CLANG_WARN_COMMA = YES;
				CLANG_WARN_CONSTANT_CONVERSION = YES;
				CLANG_WARN_DEPRECATED_OBJC_IMPLEMENTATIONS = YES;
				CLANG_WARN_DIRECT_OBJC_ISA_USAGE = YES_ERROR;
				CLANG_WARN_DOCUMENTATION_COMMENTS = YES;
				CLANG_WARN_EMPTY_BODY = YES;
				CLANG_WARN_ENUM_CONVERSION = YES;
				CLANG_WARN_INFINITE_RECURSION = YES;
				CLANG_WARN_INT_CONVERSION = YES;
				CLANG_WARN_NON_LITERAL_NULL_CONVERSION = YES;
				CLANG_WARN_OBJC_IMPLICIT_RETAIN_SELF = YES;
				CLANG_WARN_OBJC_LITERAL_CONVERSION = YES;
				CLANG_WARN_OBJC_ROOT_CLASS = YES_ERROR;
				CLANG_WARN_RANGE_LOOP_ANALYSIS = YES;
				CLANG_WARN_STRICT_PROTOTYPES = YES;
				CLANG_WARN_SUSPICIOUS_MOVE = YES;
				CLANG_WARN_UNGUARDED_AVAILABILITY = YES_AGGRESSIVE;
				CLANG_WARN_UNREACHABLE_CODE = YES;
				CLANG_WARN__DUPLICATE_METHOD_MATCH = YES;
				COPY_PHASE_STRIP = NO;
				DEBUG_INFORMATION_FORMAT = dwarf;
				ENABLE_STRICT_OBJC_MSGSEND = YES;
				ENABLE_TESTABILITY = YES;
				GCC_C_LANGUAGE_STANDARD = gnu11;
				GCC_DYNAMIC_NO_PIC = NO;
				GCC_NO_COMMON_BLOCKS = YES;
				GCC_OPTIMIZATION_LEVEL = 0;
				GCC_PREPROCESSOR_DEFINITIONS = (
					"DEBUG=1",
					"$(inherited)",
				);
				GCC_WARN_64_TO_32_BIT_CONVERSION = YES;
				GCC_WARN_ABOUT_RETURN_TYPE = YES_ERROR;
				GCC_WARN_UNDECLARED_SELECTOR = YES;
				GCC_WARN_UNINITIALIZED_AUTOS = YES_AGGRESSIVE;
				GCC_WARN_UNUSED_FUNCTION = YES;
				GCC_WARN_UNUSED_VARIABLE = YES;
				IPHONEOS_DEPLOYMENT_TARGET = 13.0;
				MTL_ENABLE_DEBUG_INFO = INCLUDE_SOURCE;
				MTL_FAST_MATH = YES;
				ONLY_ACTIVE_ARCH = YES;
				SDKROOT = iphoneos;
				SWIFT_ACTIVE_COMPILATION_CONDITIONS = DEBUG;
				SWIFT_OPTIMIZATION_LEVEL = "-Onone";
			};
			name = Debug;
		};
		5C298E882344D59D0012AB81 /* Release */ = {
			isa = XCBuildConfiguration;
			buildSettings = {
				ALWAYS_SEARCH_USER_PATHS = NO;
				CLANG_ANALYZER_NONNULL = YES;
				CLANG_ANALYZER_NUMBER_OBJECT_CONVERSION = YES_AGGRESSIVE;
				CLANG_CXX_LANGUAGE_STANDARD = "gnu++14";
				CLANG_CXX_LIBRARY = "libc++";
				CLANG_ENABLE_MODULES = YES;
				CLANG_ENABLE_OBJC_ARC = YES;
				CLANG_ENABLE_OBJC_WEAK = YES;
				CLANG_WARN_BLOCK_CAPTURE_AUTORELEASING = YES;
				CLANG_WARN_BOOL_CONVERSION = YES;
				CLANG_WARN_COMMA = YES;
				CLANG_WARN_CONSTANT_CONVERSION = YES;
				CLANG_WARN_DEPRECATED_OBJC_IMPLEMENTATIONS = YES;
				CLANG_WARN_DIRECT_OBJC_ISA_USAGE = YES_ERROR;
				CLANG_WARN_DOCUMENTATION_COMMENTS = YES;
				CLANG_WARN_EMPTY_BODY = YES;
				CLANG_WARN_ENUM_CONVERSION = YES;
				CLANG_WARN_INFINITE_RECURSION = YES;
				CLANG_WARN_INT_CONVERSION = YES;
				CLANG_WARN_NON_LITERAL_NULL_CONVERSION = YES;
				CLANG_WARN_OBJC_IMPLICIT_RETAIN_SELF = YES;
				CLANG_WARN_OBJC_LITERAL_CONVERSION = YES;
				CLANG_WARN_OBJC_ROOT_CLASS = YES_ERROR;
				CLANG_WARN_RANGE_LOOP_ANALYSIS = YES;
				CLANG_WARN_STRICT_PROTOTYPES = YES;
				CLANG_WARN_SUSPICIOUS_MOVE = YES;
				CLANG_WARN_UNGUARDED_AVAILABILITY = YES_AGGRESSIVE;
				CLANG_WARN_UNREACHABLE_CODE = YES;
				CLANG_WARN__DUPLICATE_METHOD_MATCH = YES;
				COPY_PHASE_STRIP = NO;
				DEBUG_INFORMATION_FORMAT = "dwarf-with-dsym";
				ENABLE_NS_ASSERTIONS = NO;
				ENABLE_STRICT_OBJC_MSGSEND = YES;
				GCC_C_LANGUAGE_STANDARD = gnu11;
				GCC_NO_COMMON_BLOCKS = YES;
				GCC_WARN_64_TO_32_BIT_CONVERSION = YES;
				GCC_WARN_ABOUT_RETURN_TYPE = YES_ERROR;
				GCC_WARN_UNDECLARED_SELECTOR = YES;
				GCC_WARN_UNINITIALIZED_AUTOS = YES_AGGRESSIVE;
				GCC_WARN_UNUSED_FUNCTION = YES;
				GCC_WARN_UNUSED_VARIABLE = YES;
				IPHONEOS_DEPLOYMENT_TARGET = 13.0;
				MTL_ENABLE_DEBUG_INFO = NO;
				MTL_FAST_MATH = YES;
				SDKROOT = iphoneos;
				SWIFT_COMPILATION_MODE = wholemodule;
				SWIFT_OPTIMIZATION_LEVEL = "-O";
				VALIDATE_PRODUCT = YES;
			};
			name = Release;
		};
		5C298E8A2344D59D0012AB81 /* Debug */ = {
			isa = XCBuildConfiguration;
			baseConfigurationReference = D51D6801A8A33809FDBFEF94 /* Pods-MapBoxPractice.debug.xcconfig */;
			buildSettings = {
				ASSETCATALOG_COMPILER_APPICON_NAME = AppIcon;
				CODE_SIGN_STYLE = Automatic;
				DEVELOPMENT_TEAM = U92M6LWLGD;
				INFOPLIST_FILE = MapBoxPractice/Info.plist;
				LD_RUNPATH_SEARCH_PATHS = (
					"$(inherited)",
					"@executable_path/Frameworks",
				);
				PRODUCT_BUNDLE_IDENTIFIER = twominut.MapBoxPractice;
				PRODUCT_NAME = "$(TARGET_NAME)";
				SWIFT_VERSION = 5.0;
				TARGETED_DEVICE_FAMILY = "1,2";
			};
			name = Debug;
		};
		5C298E8B2344D59D0012AB81 /* Release */ = {
			isa = XCBuildConfiguration;
			baseConfigurationReference = E7B646525DD2C664849DEB76 /* Pods-MapBoxPractice.release.xcconfig */;
			buildSettings = {
				ASSETCATALOG_COMPILER_APPICON_NAME = AppIcon;
				CODE_SIGN_STYLE = Automatic;
				DEVELOPMENT_TEAM = U92M6LWLGD;
				INFOPLIST_FILE = MapBoxPractice/Info.plist;
				LD_RUNPATH_SEARCH_PATHS = (
					"$(inherited)",
					"@executable_path/Frameworks",
				);
				PRODUCT_BUNDLE_IDENTIFIER = twominut.MapBoxPractice;
				PRODUCT_NAME = "$(TARGET_NAME)";
				SWIFT_VERSION = 5.0;
				TARGETED_DEVICE_FAMILY = "1,2";
			};
			name = Release;
		};
		5C298E8D2344D59D0012AB81 /* Debug */ = {
			isa = XCBuildConfiguration;
			baseConfigurationReference = 1CC246C550355033EE337F87 /* Pods-MapBoxPracticeTests.debug.xcconfig */;
			buildSettings = {
				ALWAYS_EMBED_SWIFT_STANDARD_LIBRARIES = YES;
				BUNDLE_LOADER = "$(TEST_HOST)";
				CODE_SIGN_STYLE = Automatic;
				DEVELOPMENT_TEAM = U92M6LWLGD;
				INFOPLIST_FILE = MapBoxPracticeTests/Info.plist;
				IPHONEOS_DEPLOYMENT_TARGET = 13.0;
				LD_RUNPATH_SEARCH_PATHS = (
					"$(inherited)",
					"@executable_path/Frameworks",
					"@loader_path/Frameworks",
				);
				PRODUCT_BUNDLE_IDENTIFIER = twominut.MapBoxPracticeTests;
				PRODUCT_NAME = "$(TARGET_NAME)";
				SWIFT_VERSION = 5.0;
				TARGETED_DEVICE_FAMILY = "1,2";
				TEST_HOST = "$(BUILT_PRODUCTS_DIR)/MapBoxPractice.app/MapBoxPractice";
			};
			name = Debug;
		};
		5C298E8E2344D59D0012AB81 /* Release */ = {
			isa = XCBuildConfiguration;
			baseConfigurationReference = 390C0D26332026210ECA4F6E /* Pods-MapBoxPracticeTests.release.xcconfig */;
			buildSettings = {
				ALWAYS_EMBED_SWIFT_STANDARD_LIBRARIES = YES;
				BUNDLE_LOADER = "$(TEST_HOST)";
				CODE_SIGN_STYLE = Automatic;
				DEVELOPMENT_TEAM = U92M6LWLGD;
				INFOPLIST_FILE = MapBoxPracticeTests/Info.plist;
				IPHONEOS_DEPLOYMENT_TARGET = 13.0;
				LD_RUNPATH_SEARCH_PATHS = (
					"$(inherited)",
					"@executable_path/Frameworks",
					"@loader_path/Frameworks",
				);
				PRODUCT_BUNDLE_IDENTIFIER = twominut.MapBoxPracticeTests;
				PRODUCT_NAME = "$(TARGET_NAME)";
				SWIFT_VERSION = 5.0;
				TARGETED_DEVICE_FAMILY = "1,2";
				TEST_HOST = "$(BUILT_PRODUCTS_DIR)/MapBoxPractice.app/MapBoxPractice";
			};
			name = Release;
		};
		5C298E902344D59D0012AB81 /* Debug */ = {
			isa = XCBuildConfiguration;
			baseConfigurationReference = 0D8E17B82037FEBEA72932E1 /* Pods-MapBoxPracticeUITests.debug.xcconfig */;
			buildSettings = {
				ALWAYS_EMBED_SWIFT_STANDARD_LIBRARIES = YES;
				CODE_SIGN_STYLE = Automatic;
				DEVELOPMENT_TEAM = U92M6LWLGD;
				INFOPLIST_FILE = MapBoxPracticeUITests/Info.plist;
				LD_RUNPATH_SEARCH_PATHS = (
					"$(inherited)",
					"@executable_path/Frameworks",
					"@loader_path/Frameworks",
				);
				PRODUCT_BUNDLE_IDENTIFIER = twominut.MapBoxPracticeUITests;
				PRODUCT_NAME = "$(TARGET_NAME)";
				SWIFT_VERSION = 5.0;
				TARGETED_DEVICE_FAMILY = "1,2";
				TEST_TARGET_NAME = MapBoxPractice;
			};
			name = Debug;
		};
		5C298E912344D59D0012AB81 /* Release */ = {
			isa = XCBuildConfiguration;
			baseConfigurationReference = E1B786956DDEFD5761331981 /* Pods-MapBoxPracticeUITests.release.xcconfig */;
			buildSettings = {
				ALWAYS_EMBED_SWIFT_STANDARD_LIBRARIES = YES;
				CODE_SIGN_STYLE = Automatic;
				DEVELOPMENT_TEAM = U92M6LWLGD;
				INFOPLIST_FILE = MapBoxPracticeUITests/Info.plist;
				LD_RUNPATH_SEARCH_PATHS = (
					"$(inherited)",
					"@executable_path/Frameworks",
					"@loader_path/Frameworks",
				);
				PRODUCT_BUNDLE_IDENTIFIER = twominut.MapBoxPracticeUITests;
				PRODUCT_NAME = "$(TARGET_NAME)";
				SWIFT_VERSION = 5.0;
				TARGETED_DEVICE_FAMILY = "1,2";
				TEST_TARGET_NAME = MapBoxPractice;
			};
			name = Release;
		};
/* End XCBuildConfiguration section */

/* Begin XCConfigurationList section */
		5C298E5A2344D59A0012AB81 /* Build configuration list for PBXProject "MapBoxPractice" */ = {
			isa = XCConfigurationList;
			buildConfigurations = (
				5C298E872344D59D0012AB81 /* Debug */,
				5C298E882344D59D0012AB81 /* Release */,
			);
			defaultConfigurationIsVisible = 0;
			defaultConfigurationName = Release;
		};
		5C298E892344D59D0012AB81 /* Build configuration list for PBXNativeTarget "MapBoxPractice" */ = {
			isa = XCConfigurationList;
			buildConfigurations = (
				5C298E8A2344D59D0012AB81 /* Debug */,
				5C298E8B2344D59D0012AB81 /* Release */,
			);
			defaultConfigurationIsVisible = 0;
			defaultConfigurationName = Release;
		};
		5C298E8C2344D59D0012AB81 /* Build configuration list for PBXNativeTarget "MapBoxPracticeTests" */ = {
			isa = XCConfigurationList;
			buildConfigurations = (
				5C298E8D2344D59D0012AB81 /* Debug */,
				5C298E8E2344D59D0012AB81 /* Release */,
			);
			defaultConfigurationIsVisible = 0;
			defaultConfigurationName = Release;
		};
		5C298E8F2344D59D0012AB81 /* Build configuration list for PBXNativeTarget "MapBoxPracticeUITests" */ = {
			isa = XCConfigurationList;
			buildConfigurations = (
				5C298E902344D59D0012AB81 /* Debug */,
				5C298E912344D59D0012AB81 /* Release */,
			);
			defaultConfigurationIsVisible = 0;
			defaultConfigurationName = Release;
		};
/* End XCConfigurationList section */
	};
	rootObject = 5C298E572344D59A0012AB81 /* Project object */;
}
